
Microsoft Visual Studio Solution File, Format Version 12.00
# Visual Studio Version 17
VisualStudioVersion = 17.3.32825.248
MinimumVisualStudioVersion = 10.0.40219.1
Project("{9A19103F-16F7-4668-BE54-9A1E7A4F7556}") = "LaboratoryHeadApp", "LaborstoryHeadApp\LaboratoryHeadApp.csproj", "{482BEC75-E7E5-4B0B-83EC-72DC47A7A2C3}"
EndProject
Project("{9A19103F-16F7-4668-BE54-9A1E7A4F7556}") = "ScheduleServiceContracts", "..\..\Schedule\ScheduleService\ScheduleServiceContracts\ScheduleServiceContracts.csproj", "{7617505F-B695-4551-9ADE-B2D9EBBB8866}"
EndProject
Project("{9A19103F-16F7-4668-BE54-9A1E7A4F7556}") = "MolServiceContracts", "..\..\MOL\MolService\MolServiceContracts\MolServiceContracts.csproj", "{5320AC51-6C77-4265-AB8D-9A039AB2E393}"
EndProject
Global
	GlobalSection(SolutionConfigurationPlatforms) = preSolution
		Debug|Any CPU = Debug|Any CPU
		Release|Any CPU = Release|Any CPU
	EndGlobalSection
	GlobalSection(ProjectConfigurationPlatforms) = postSolution
		{482BEC75-E7E5-4B0B-83EC-72DC47A7A2C3}.Debug|Any CPU.ActiveCfg = Debug|Any CPU
		{482BEC75-E7E5-4B0B-83EC-72DC47A7A2C3}.Debug|Any CPU.Build.0 = Debug|Any CPU
		{482BEC75-E7E5-4B0B-83EC-72DC47A7A2C3}.Release|Any CPU.ActiveCfg = Release|Any CPU
		{482BEC75-E7E5-4B0B-83EC-72DC47A7A2C3}.Release|Any CPU.Build.0 = Release|Any CPU
		{7617505F-B695-4551-9ADE-B2D9EBBB8866}.Debug|Any CPU.ActiveCfg = Debug|Any CPU
		{7617505F-B695-4551-9ADE-B2D9EBBB8866}.Debug|Any CPU.Build.0 = Debug|Any CPU
		{7617505F-B695-4551-9ADE-B2D9EBBB8866}.Release|Any CPU.ActiveCfg = Release|Any CPU
		{7617505F-B695-4551-9ADE-B2D9EBBB8866}.Release|Any CPU.Build.0 = Release|Any CPU
		{5320AC51-6C77-4265-AB8D-9A039AB2E393}.Debug|Any CPU.ActiveCfg = Debug|Any CPU
		{5320AC51-6C77-4265-AB8D-9A039AB2E393}.Debug|Any CPU.Build.0 = Debug|Any CPU
		{5320AC51-6C77-4265-AB8D-9A039AB2E393}.Release|Any CPU.ActiveCfg = Release|Any CPU
		{5320AC51-6C77-4265-AB8D-9A039AB2E393}.Release|Any CPU.Build.0 = Release|Any CPU
	EndGlobalSection
	GlobalSection(SolutionProperties) = preSolution
		HideSolutionNode = FALSE
	EndGlobalSection
	GlobalSection(ExtensibilityGlobals) = postSolution
		SolutionGuid = {FFED6229-FCE9-46D4-8E70-B71F7A7E0D79}
	EndGlobalSection
EndGlobal
